
Microsoft Visual Studio Solution File, Format Version 12.00
# Visual Studio Version 16
VisualStudioVersion = 16.0.31702.278
MinimumVisualStudioVersion = 10.0.40219.1
Project("{FAE04EC0-301F-11D3-BF4B-00C04F79EFBC}") = "Csharp Variables Excercise", "Csharp Variables Excercise\Csharp Variables Excercise.csproj", "{94DC4C21-7C78-413D-ACDD-87CFE13FE5D9}"
EndProject
Global
	GlobalSection(SolutionConfigurationPlatforms) = preSolution
		Debug|Any CPU = Debug|Any CPU
		Release|Any CPU = Release|Any CPU
	EndGlobalSection
	GlobalSection(ProjectConfigurationPlatforms) = postSolution
		{94DC4C21-7C78-413D-ACDD-87CFE13FE5D9}.Debug|Any CPU.ActiveCfg = Debug|Any CPU
		{94DC4C21-7C78-413D-ACDD-87CFE13FE5D9}.Debug|Any CPU.Build.0 = Debug|Any CPU
		{94DC4C21-7C78-413D-ACDD-87CFE13FE5D9}.Release|Any CPU.ActiveCfg = Release|Any CPU
		{94DC4C21-7C78-413D-ACDD-87CFE13FE5D9}.Release|Any CPU.Build.0 = Release|Any CPU
	EndGlobalSection
	GlobalSection(SolutionProperties) = preSolution
		HideSolutionNode = FALSE
	EndGlobalSection
	GlobalSection(ExtensibilityGlobals) = postSolution
		SolutionGuid = {7E2F2CF4-09E5-4FE5-9E68-F1C3D2C30D82}
	EndGlobalSection
EndGlobal
